PODS:
  - Expecta (0.2.2)
  - RKSupport (1.0.0):
    - RKSupport/All
  - RKSupport/All (1.0.0):
    - RKSupport/RKParameterConstraint
    - RKSupport/RKPathTemplate
  - RKSupport/RKParameterConstraint (1.0.0)
  - RKSupport/RKPathTemplate (1.0.0)

DEPENDENCIES:
  - Expecta (~> 0.2.1)
  - RKSupport (from `.`)

EXTERNAL SOURCES:
  RKSupport:
    :path: .

SPEC CHECKSUMS:
  Expecta: 99adbb2e366a02796477523bfd426143350d9caf
  RKSupport: 162da690b0abf08d8f9e2b701f7a9fafd76a6e80

COCOAPODS: 0.28.0
